{
    "_meta": {
        "hash": {
            "sha256": "bb876e088a04af3d4e7b5ebbe0cab2626f15c86e79d20e168f3ce37fa9aa14d5"
        },
        "pipfile-spec": 6,
        "requires": {
            "python_version": "3.7"
        },
        "sources": [
            {
                "name": "pypi",
                "url": "https://pypi.org/simple",
                "verify_ssl": true
            }
        ]
    },
    "default": {
        "superdatabase3000": {
            "path": "."
        }
    },
    "develop": {
        "superdatabase3000": {
            "path": "."
        }
    }
}
